{
  "name": "cimiento",
  "lockfileVersion": 3,
  "requires": true,
  "packages": {
    "": {
      "name": "cimiento",
      "dependencies": {
        "admin-lte": "4.10.0",
        "apexcharts": "7.8.0",
        "bootstrap": "5.3.8",
        "bootstrap-icons": "1.13.1",
        "htmx.org": "2.0.11",
        "list.js": "2.3.1"
      }
    },
    "node_modules/@popperjs/core": {
      "version": "2.11.8",
      "resolved": "https://registry.npmjs.org/@popperjs/core/-/core-2.11.8.tgz",
      "integrity": "sha512-P1st0aksCrn9sGZhp8GMYwBnQsbvAWsZAX44oXNNvLHGqAOcoVxmjZiohstwQ7SqKnbR47akdNi+uleWD8+g6A==",
      "license": "MIT",
      "peer": true,
      "funding": {
        "type": "opencollective",
        "url": "https://opencollective.com/popperjs"
      }
    },
    "node_modules/admin-lte": {
      "version": "4.10.0",
      "resolved": "https://registry.npmjs.org/admin-lte/-/admin-lte-4.10.0.tgz",
      "integrity": "sha512-CIJrStDk3l7d3md9qQWaV1OiIzk3tOUXryAdsWIt5nKex8VO7CL2xAYzMg5X5rjpJ2XcWerkltJT0hlGd1wx3w==",
      "license": "MIT",
      "engines": {
        "node": ">=20"
      },
      "peerDependencies": {
        "bootstrap": "^5.3.8"
      }
    },
    "node_modules/apex-commons": {
      "version": "0.8.1",
      "resolved": "https://registry.npmjs.org/apex-commons/-/apex-commons-0.8.1.tgz",
      "integrity": "sha512-F7fqJVh0smeTu1d86uuRSNNZvaM/l11GNQMbu6oAiSvuXp+K8KCufg0oZTy2VQBEEipRLAdFqkHnphlVpTG0Gw==",
      "license": "SEE LICENSE IN LICENSE"
    },
    "node_modules/apexcharts": {
      "version": "7.8.0",
      "resolved": "https://registry.npmjs.org/apexcharts/-/apexcharts-7.8.0.tgz",
      "integrity": "sha512-UxzR7IDXs3HDaOoxTsdn7L2dw9TdYp347uiU7WvjKuzCQqODmO7l63rxMmLwtbYrZPd+0Vd7v5VINzJgPyqmIw==",
      "license": "SEE LICENSE IN LICENSE",
      "dependencies": {
        "apex-commons": "^0.8.0"
      },
      "engines": {
        "node": "^20.19.0 || ^22.12.0 || >=24.0.0"
      }
    },
    "node_modules/bootstrap": {
      "version": "5.3.8",
      "resolved": "https://registry.npmjs.org/bootstrap/-/bootstrap-5.3.8.tgz",
      "integrity": "sha512-HP1SZDqaLDPwsNiqRqi5NcP0SSXciX2s9E+RyqJIIqGo+vJeN5AJVM98CXmW/Wux0nQ5L7jeWUdplCEf0Ee+tg==",
      "funding": [
        {
          "type": "github",
          "url": "https://github.com/sponsors/twbs"
        },
        {
          "type": "opencollective",
          "url": "https://opencollective.com/bootstrap"
        }
      ],
      "license": "MIT",
      "peer": true,
      "peerDependencies": {
        "@popperjs/core": "^2.11.8"
      }
    },
    "node_modules/bootstrap-icons": {
      "version": "1.13.1",
      "resolved": "https://registry.npmjs.org/bootstrap-icons/-/bootstrap-icons-1.13.1.tgz",
      "integrity": "sha512-ijombt4v6bv5CLeXvRWKy7CuM3TRTuPEuGaGKvTV5cz65rQSY8RQ2JcHt6b90cBBAC7s8fsf2EkQDldzCoXUjw==",
      "funding": [
        {
          "type": "github",
          "url": "https://github.com/sponsors/twbs"
        },
        {
          "type": "opencollective",
          "url": "https://opencollective.com/bootstrap"
        }
      ],
      "license": "MIT"
    },
    "node_modules/htmx.org": {
      "version": "2.0.11",
      "resolved": "https://registry.npmjs.org/htmx.org/-/htmx.org-2.0.11.tgz",
      "integrity": "sha512-Thx/WtpeOQqSrqBCw/A1cwGJGg4UrVa3+sW0GmrM3p4gJgO89ecH4qtbnyzDDWFvBTqjnIMCgELTNt636dtamA==",
      "license": "0BSD"
    },
    "node_modules/list.js": {
      "version": "2.3.1",
      "resolved": "https://registry.npmjs.org/list.js/-/list.js-2.3.1.tgz",
      "integrity": "sha512-jnmm7DYpKtH3DxtO1E2VNCC9Gp7Wrp/FWA2JxQrZUhVJ2RCQBd57pCN6W5w6jpsfWZV0PCAbTX2NOPgyFeeZZg==",
      "license": "MIT",
      "dependencies": {
        "string-natural-compare": "^2.0.2"
      },
      "engines": {
        "node": "^6.0 || ^8.0 || ^10.0 || ^12.0 || >=14"
      }
    },
    "node_modules/string-natural-compare": {
      "version": "2.0.3",
      "resolved": "https://registry.npmjs.org/string-natural-compare/-/string-natural-compare-2.0.3.tgz",
      "integrity": "sha512-4Kcl12rNjc+6EKhY8QyDVuQTAlMWwRiNbsxnVwBUKFr7dYPQuXVrtNU4sEkjF9LHY0AY6uVbB3ktbkIH4LC+BQ==",
      "license": "MIT"
    }
  }
}
